<?xml version="1.0" encoding="utf-8"?>
<Project ToolsVersion="4.0" xmlns="http://schemas.microsoft.com/developer/msbuild/2003">
  <ItemGroup>
    <Filter Include="Source Files">
      <UniqueIdentifier>{4FC737F1-C7A5-4376-A066-2A32D752A2FF}</UniqueIdentifier>
      <Extensions>cpp;c;cc;cxx;c++;cppm;ixx;def;odl;idl;hpj;bat;asm;asmx</Extensions>
    </Filter>
    <Filter Include="Header Files">
      <UniqueIdentifier>{93995380-89BD-4b04-88EB-625FBE52EBFB}</UniqueIdentifier>
      <Extensions>h;hh;hpp;hxx;h++;hm;inl;inc;ipp;xsd</Extensions>
    </Filter>
    <Filter Include="Framework">
      <UniqueIdentifier>{060fbbc6-44b1-4494-b904-cb9719cec138}</UniqueIdentifier>
    </Filter>
    <Filter Include="Utilities">
      <UniqueIdentifier>{6373cac3-099d-4c47-8bd7-9127fde36131}</UniqueIdentifier>
    </Filter>
  </ItemGroup>
  <ItemGroup>
    <ClInclude Include="pch.h">
      <Filter>Header Files</Filter>
    </ClInclude>
    <ClInclude Include="layer.h">
      <Filter>Header Files</Filter>
    </ClInclude>
    <ClInclude Include="framework\dispatch.gen.h">
      <Filter>Framework</Filter>
    </ClInclude>
    <ClInclude Include="framework\dispatch.h">
      <Filter>Framework</Filter>
    </ClInclude>
    <ClInclude Include="framework\log.h">
      <Filter>Framework</Filter>
    </ClInclude>
    <ClInclude Include="framework\util.h">
      <Filter>Framework</Filter>
    </ClInclude>
    <ClInclude Include="utils\graphics.h">
      <Filter>Utilities</Filter>
    </ClInclude>
    <ClInclude Include="utils\general.h">
      <Filter>Utilities</Filter>
    </ClInclude>
    <ClInclude Include="utils\inputs.h">
      <Filter>Utilities</Filter>
    </ClInclude>
    <ClInclude Include="frame_context.h">
      <Filter>Header Files</Filter>
    </ClInclude>
    <ClInclude Include="pose_provider.h">
      <Filter>Header Files</Filter>
    </ClInclude>
    <ClInclude Include="depth_provider.h">
      <Filter>Header Files</Filter>
    </ClInclude>
    <ClInclude Include="frame_broker.h">
      <Filter>Header Files</Filter>
    </ClInclude>
    <ClInclude Include="frame_injection.h">
      <Filter>Header Files</Filter>
    </ClInclude>
    <ClInclude Include="frame_synthesizer.h">
      <Filter>Header Files</Filter>
    </ClInclude>
    <ClInclude Include="hole_filler.h">
      <Filter>Header Files</Filter>
    </ClInclude>
    <ClInclude Include="ofa_pipeline.h">
      <Filter>Header Files</Filter>
    </ClInclude>
    <ClInclude Include="pose_warp.h">
      <Filter>Header Files</Filter>
    </ClInclude>
    <ClInclude Include="pose_warp_math.h">
      <Filter>Header Files</Filter>
    </ClInclude>
    <ClInclude Include="stereo_vector_adapter.h">
      <Filter>Header Files</Filter>
    </ClInclude>
    <ClInclude Include="vulkan_cuda_interop.h">
      <Filter>Header Files</Filter>
    </ClInclude>
    <ClInclude Include="gpu_pipeline_kernels.h">
      <Filter>Header Files</Filter>
    </ClInclude>
  </ItemGroup>
  <ItemGroup>
    <ClCompile Include="pch.cpp">
      <Filter>Source Files</Filter>
    </ClCompile>
    <ClCompile Include="layer.cpp">
      <Filter>Source Files</Filter>
    </ClCompile>
    <ClCompile Include="framework\dispatch.cpp">
      <Filter>Framework</Filter>
    </ClCompile>
    <ClCompile Include="framework\dispatch.gen.cpp">
      <Filter>Framework</Filter>
    </ClCompile>
    <ClCompile Include="framework\entry.cpp">
      <Filter>Framework</Filter>
    </ClCompile>
    <ClCompile Include="framework\log.cpp">
      <Filter>Framework</Filter>
    </ClCompile>
    <ClCompile Include="utils\d3d11.cpp">
      <Filter>Utilities</Filter>
    </ClCompile>
    <ClCompile Include="utils\composition.cpp">
      <Filter>Utilities</Filter>
    </ClCompile>
    <ClCompile Include="utils\d3d12.cpp">
      <Filter>Utilities</Filter>
    </ClCompile>
    <ClCompile Include="utils\input.cpp">
      <Filter>Utilities</Filter>
    </ClCompile>
    <ClCompile Include="utils\general.cpp">
      <Filter>Utilities</Filter>
    </ClCompile>
    <ClCompile Include="pose_provider.cpp">
      <Filter>Source Files</Filter>
    </ClCompile>
    <ClCompile Include="depth_provider.cpp">
      <Filter>Source Files</Filter>
    </ClCompile>
    <ClCompile Include="frame_broker.cpp">
      <Filter>Source Files</Filter>
    </ClCompile>
    <ClCompile Include="frame_injection.cpp">
      <Filter>Source Files</Filter>
    </ClCompile>
    <ClCompile Include="ofa_pipeline.cpp">
      <Filter>Source Files</Filter>
    </ClCompile>
    <ClCompile Include="pose_warp_math.cpp">
      <Filter>Source Files</Filter>
    </ClCompile>
    <ClCompile Include="vulkan_cuda_interop.cpp">
      <Filter>Source Files</Filter>
    </ClCompile>
  </ItemGroup>
  <ItemGroup>
    <None Include="framework\dispatch_generator.py">
      <Filter>Framework</Filter>
    </None>
    <None Include="framework\layer_apis.py">
      <Filter>Framework</Filter>
    </None>
    <None Include="openxr-api-layer.json" />
    <None Include="openxr-api-layer-32.json" />
    <None Include="packages.config" />
    <None Include="module.def" />
    <None Include="$(OpenXRLoaderBinaryRoot)\bin\openxr_loader.dll" />
  </ItemGroup>
  <ItemGroup>
    <Natvis Include="$(MSBuildThisFileDirectory)..\..\natvis\wil.natvis" />
    <Natvis Include="$(MSBuildThisFileDirectory)..\..\natvis\wil.natstepfilter" />
  </ItemGroup>
  <ItemGroup>
    <CudaCompile Include="frame_synthesizer.cu" />
    <CudaCompile Include="hole_filler.cu" />
    <CudaCompile Include="pose_warp.cu" />
    <CudaCompile Include="stereo_vector_adapter.cu" />
    <CudaCompile Include="gpu_pipeline_kernels.cu" />
  </ItemGroup>
</Project>